// !$*UTF8*$!
{
	archiveVersion = 1;
	classes = {
	};
	objectVersion = 54;
	objects = {

/* Begin PBXBuildFile section */
		0C80B921A6F3F58F76C31292 /* libPods-AlzheFi.a in Frameworks */ = {isa = PBXBuildFile; fileRef = 5DCACB8F33CDC322A6C60F78 /* libPods-AlzheFi.a */; };
		13B07FBF1A68108700A75B9A /* Images.xcassets in Resources */ = {isa = PBXBuildFile; fileRef = 13B07FB51A68108700A75B9A /* Images.xcassets */; };
		46ECA91A0F3699BD7318A05A /* PrivacyInfo.xcprivacy in Resources */ = {isa = PBXBuildFile; fileRef = 13B07FB81A68108700A75B9A /* PrivacyInfo.xcprivacy */; };
		761780ED2CA45674006654EE /* AppDelegate.swift in Sources */ = {isa = PBXBuildFile; fileRef = 761780EC2CA45674006654EE /* AppDelegate.swift */; };
		81AB9BB82411601600AC10FF /* LaunchScreen.storyboard in Resources */ = {isa = PBXBuildFile; fileRef = 81AB9BB72411601600AC10FF /* LaunchScreen.storyboard */; };
		FEE22E5A8B284EF6ABB0801F /* Fontisto.ttf in Resources */ = {isa = PBXBuildFile; fileRef = E24EA3F78ACF48A0A994CB02 /* Fontisto.ttf */; };
		2C9B17EE42814CBCAB0B361F /* Octicons.ttf in Resources */ = {isa = PBXBuildFile; fileRef = AD9D3148EAEA431AA737DB92 /* Octicons.ttf */; };
		04DC1CBC4AA14CB385348687 /* Feather.ttf in Resources */ = {isa = PBXBuildFile; fileRef = 90DEE6C6B16D4BE587623CE5 /* Feather.ttf */; };
		74E2E5C858DF4E9982F5099F /* FontAwesome6_Regular.ttf in Resources */ = {isa = PBXBuildFile; fileRef = 1B5055111FA347AB80BD71B3 /* FontAwesome6_Regular.ttf */; };
		039948B3A04146B9AA302DB0 /* Entypo.ttf in Resources */ = {isa = PBXBuildFile; fileRef = 40675A6DF75C486793A539D0 /* Entypo.ttf */; };
		13BB5C2AB49C45FF91C8C2D1 /* FontAwesome5_Brands.ttf in Resources */ = {isa = PBXBuildFile; fileRef = F9333C55ED2D4ADF976726DB /* FontAwesome5_Brands.ttf */; };
		5395BCF1660B44D1904D337D /* MaterialCommunityIcons.ttf in Resources */ = {isa = PBXBuildFile; fileRef = B1304717572C4BEA92E159EB /* MaterialCommunityIcons.ttf */; };
		1D8C78B3355448768E4E3003 /* AntDesign.ttf in Resources */ = {isa = PBXBuildFile; fileRef = C715955F062A43B5A1FAA7C7 /* AntDesign.ttf */; };
		AE6CAA25F6E6469A948025B2 /* Foundation.ttf in Resources */ = {isa = PBXBuildFile; fileRef = 53FCD5D91C9F44B48C16CD87 /* Foundation.ttf */; };
		70BD5B78F5984ABF9BBD1EC0 /* Ionicons.ttf in Resources */ = {isa = PBXBuildFile; fileRef = B5386E34848641829D97C31A /* Ionicons.ttf */; };
		80DC45E212FC42339A8D690F /* FontAwesome5_Solid.ttf in Resources */ = {isa = PBXBuildFile; fileRef = 61C4D54DAA2B47E9AF69E774 /* FontAwesome5_Solid.ttf */; };
		772BE1C4F19F4EF7BF460D31 /* FontAwesome5_Regular.ttf in Resources */ = {isa = PBXBuildFile; fileRef = 142081405B00447A9074D9C6 /* FontAwesome5_Regular.ttf */; };
		D919B03C94284A9D8DA42911 /* FontAwesome.ttf in Resources */ = {isa = PBXBuildFile; fileRef = 3E61305B69374F4984A01947 /* FontAwesome.ttf */; };
		B8569CEBFDB54B86A5E1AB2B /* Zocial.ttf in Resources */ = {isa = PBXBuildFile; fileRef = 3C1103DCDE2A41F2A6B3CB3D /* Zocial.ttf */; };
		5C8B4948C1234B1CB7A94913 /* EvilIcons.ttf in Resources */ = {isa = PBXBuildFile; fileRef = 6AF0A53C78264F36A5571E57 /* EvilIcons.ttf */; };
		DE8D590763494EE4BAF403A2 /* FontAwesome6_Solid.ttf in Resources */ = {isa = PBXBuildFile; fileRef = 402A67CF288F4A8FAB191938 /* FontAwesome6_Solid.ttf */; };
		CEACE07CD8034A72B2E05FF3 /* SimpleLineIcons.ttf in Resources */ = {isa = PBXBuildFile; fileRef = 1595E551A93C4FAE9E70E8A6 /* SimpleLineIcons.ttf */; };
		2690950AF8CD4A5DB21C3EAE /* FontAwesome6_Brands.ttf in Resources */ = {isa = PBXBuildFile; fileRef = 0722273806FE43528E612CFF /* FontAwesome6_Brands.ttf */; };
		7A77684EA41F456EA0A25D58 /* MaterialIcons.ttf in Resources */ = {isa = PBXBuildFile; fileRef = DCB69ED1083A42CA878EC848 /* MaterialIcons.ttf */; };
		E6794CBC1B2D4342A09BF819 /* Coolvetica-Crammed-Book.otf in Resources */ = {isa = PBXBuildFile; fileRef = BCD7BC8C1F7640CB93F896CB /* Coolvetica-Crammed-Book.otf */; };
		B2C64F898A80459EB788D025 /* Coolvetica-Compressed-Extra-Light.otf in Resources */ = {isa = PBXBuildFile; fileRef = FECD91F6828348308EBD4207 /* Coolvetica-Compressed-Extra-Light.otf */; };
		1970182F651A441E9D5FA9FC /* Coolvetica-Ultra-Light-Regular.otf in Resources */ = {isa = PBXBuildFile; fileRef = FC2F05C01A5B412BA23C8EF2 /* Coolvetica-Ultra-Light-Regular.otf */; };
		C10DC5BFD38A48728A10A3C5 /* Coolvetica-Compressed.otf in Resources */ = {isa = PBXBuildFile; fileRef = 78924866D35741EEB0A38C1A /* Coolvetica-Compressed.otf */; };
		1B4DADAE1DF84EEF9F0B0230 /* Coolvetica-Crammed-Bold.otf in Resources */ = {isa = PBXBuildFile; fileRef = BBBDA85C48DB4F5496C756DD /* Coolvetica-Crammed-Bold.otf */; };
		53F714D7E37D4A45BF990951 /* Coolvetica-Extra-Light-Italic.otf in Resources */ = {isa = PBXBuildFile; fileRef = 61DAF496CC984F57BF8F933D /* Coolvetica-Extra-Light-Italic.otf */; };
		7EAB2BE34D0F49499686C3D0 /* SpaceGrotesk-SemiBold.otf in Resources */ = {isa = PBXBuildFile; fileRef = CAA08389382242CFB5D55A36 /* SpaceGrotesk-SemiBold.otf */; };
		576AA1A120644F4B823C1307 /* Coolvetica-Crammed-Extra-Light.otf in Resources */ = {isa = PBXBuildFile; fileRef = 57360F62EEFB4642B0E32C89 /* Coolvetica-Crammed-Extra-Light.otf */; };
		97856591D62644BA87F388BD /* Coolvetica-Condensed-Extra-Light.otf in Resources */ = {isa = PBXBuildFile; fileRef = 5DBAC60CA8EB4A93903D1504 /* Coolvetica-Condensed-Extra-Light.otf */; };
		E3ECDB7EA3B54CC7B2FD08EF /* Coolvetica-Heavy-Italic.otf in Resources */ = {isa = PBXBuildFile; fileRef = 14D3E50D7604419A99DDD4BB /* Coolvetica-Heavy-Italic.otf */; };
		4DCD83A1AA7F467DA236DE77 /* Coolvetica-Crammed-Light.otf in Resources */ = {isa = PBXBuildFile; fileRef = 8270464D85674FBDA209BB96 /* Coolvetica-Crammed-Light.otf */; };
		FB833F5707794CDC904B8667 /* Coolvetica-Compressed-Light.otf in Resources */ = {isa = PBXBuildFile; fileRef = 2BC93838E0B544CEBB63F9EF /* Coolvetica-Compressed-Light.otf */; };
		4AE111EB96E6463C8101BCB7 /* Coolvetica-Ultra-Light-Italic.otf in Resources */ = {isa = PBXBuildFile; fileRef = 03F19D0BA19745AF9ECCE600 /* Coolvetica-Ultra-Light-Italic.otf */; };
		775257516BD7418894C33CAD /* Coolvetica-Book-Italic.otf in Resources */ = {isa = PBXBuildFile; fileRef = 712275BFF0474BEC9FFD9DCB /* Coolvetica-Book-Italic.otf */; };
		E17D5022CE7746E3BF017A2A /* Coolvetica-Light-Italic.otf in Resources */ = {isa = PBXBuildFile; fileRef = 129838D263BF44D59C2B358B /* Coolvetica-Light-Italic.otf */; };
		43C90C52246F461682D8A688 /* Coolvetica-Bold.otf in Resources */ = {isa = PBXBuildFile; fileRef = 4FF1BEBA7B054699B0324D6B /* Coolvetica-Bold.otf */; };
		7E4F415E4D7845C3AF2386F2 /* SpaceGrotesk-Regular.otf in Resources */ = {isa = PBXBuildFile; fileRef = B632A69825E94F84B7C23D62 /* SpaceGrotesk-Regular.otf */; };
		9FEEC3FAB0524DEAB8B4E25D /* Coolvetica-Compressed-Heavy.otf in Resources */ = {isa = PBXBuildFile; fileRef = 5D148F3BAAF747EE80F5CB63 /* Coolvetica-Compressed-Heavy.otf */; };
		A649EE789C3B4ACFB476E37C /* Coolvetica-Crammed-Heavy.otf in Resources */ = {isa = PBXBuildFile; fileRef = 1910F8D065C84FC8A20E51A0 /* Coolvetica-Crammed-Heavy.otf */; };
		F74C900D0A9E4381B6125B97 /* Coolvetica-Bold-Italic.otf in Resources */ = {isa = PBXBuildFile; fileRef = EC6BD4D96E0046ADBCE12C38 /* Coolvetica-Bold-Italic.otf */; };
		ADCBDDC0A0E8444AA6A6320B /* Coolvetica-Heavy-Regular.otf in Resources */ = {isa = PBXBuildFile; fileRef = E77D4AF991E547DB9DDA0009 /* Coolvetica-Heavy-Regular.otf */; };
		0CC06A7604544AE6AB50C27D /* SpaceGrotesk-Light.otf in Resources */ = {isa = PBXBuildFile; fileRef = C3C32368AABD4DC5BDCEFBA3 /* SpaceGrotesk-Light.otf */; };
		876C6567BCDA4E28832C8660 /* SpaceGrotesk-Bold.otf in Resources */ = {isa = PBXBuildFile; fileRef = 5769F83700914341988FF2FB /* SpaceGrotesk-Bold.otf */; };
		E4EE3493E5FD4D28A58B1A10 /* Coolvetica-Condensed-Light.otf in Resources */ = {isa = PBXBuildFile; fileRef = FB3F3661B7514EC0908396E4 /* Coolvetica-Condensed-Light.otf */; };
		05A543FEA98A4BDBA2B33B03 /* Coolvetica-Crammed.otf in Resources */ = {isa = PBXBuildFile; fileRef = 9A93BF52AC6444D1B907C63B /* Coolvetica-Crammed.otf */; };
		7EFB3A8533A14FA48B296562 /* Coolvetica-Crammed-Ultra-Light.otf in Resources */ = {isa = PBXBuildFile; fileRef = C62E276CC68D4D3E8D57868D /* Coolvetica-Crammed-Ultra-Light.otf */; };
		091583400AC0451BB83E1F99 /* Coolvetica-Condensed-Ultra-Light.otf in Resources */ = {isa = PBXBuildFile; fileRef = 30DF1E63F3BC462E95577669 /* Coolvetica-Condensed-Ultra-Light.otf */; };
		1175654042D64549A23D7459 /* Coolvetica-Book-Regular.otf in Resources */ = {isa = PBXBuildFile; fileRef = 88600F2093D643B1B7257AC2 /* Coolvetica-Book-Regular.otf */; };
		4ED1C6BAF7CD410B9DC0CBC8 /* Coolvetica-Condensed-Bold.otf in Resources */ = {isa = PBXBuildFile; fileRef = BE69F841C5784EDE90008FD7 /* Coolvetica-Condensed-Bold.otf */; };
		3CA66C18ECF94CC39C32A6AD /* SpaceGrotesk-Medium.otf in Resources */ = {isa = PBXBuildFile; fileRef = 26A8D49B674D4C15B45B503B /* SpaceGrotesk-Medium.otf */; };
		BB4E0A4D31D44602AE1A0E84 /* Coolvetica-Compressed-Ultra-Light.otf in Resources */ = {isa = PBXBuildFile; fileRef = 625B3BA940F34B8C96C01569 /* Coolvetica-Compressed-Ultra-Light.otf */; };
		90D6B6C968EB417D97A7ECB1 /* Coolvetica-Extra-Light-Regular.otf in Resources */ = {isa = PBXBuildFile; fileRef = 3FBC0CF2E3F9490280D36729 /* Coolvetica-Extra-Light-Regular.otf */; };
		DA364DFD1D7C48E8BC2259B9 /* Coolvetica-Condensed-Book.otf in Resources */ = {isa = PBXBuildFile; fileRef = D0F26541FA5B4DFC935754B9 /* Coolvetica-Condensed-Book.otf */; };
		4000885899EB4CF1BB534E4D /* Coolvetica-Regular.otf in Resources */ = {isa = PBXBuildFile; fileRef = F55658765EF04F4391B19256 /* Coolvetica-Regular.otf */; };
		BFE4E9A80C7A4A63985F5CF7 /* Coolvetica-Compressed-Book.otf in Resources */ = {isa = PBXBuildFile; fileRef = 96D6F5E03B764FBEA46154C1 /* Coolvetica-Compressed-Book.otf */; };
		E43FABCE856941CFA2AA311E /* Coolvetica-Condensed.otf in Resources */ = {isa = PBXBuildFile; fileRef = 830338FAC07C4F63B98181E5 /* Coolvetica-Condensed.otf */; };
		AE6F815EC5FA46B18DFBCF8E /* Coolvetica-Light-Regular.otf in Resources */ = {isa = PBXBuildFile; fileRef = F7708C64C6944EE38B996530 /* Coolvetica-Light-Regular.otf */; };
		B52C4C812A1F4B2E8A1AB0AD /* Coolvetica-Compressed-Bold.otf in Resources */ = {isa = PBXBuildFile; fileRef = 937736CBBB3B4839BC771F40 /* Coolvetica-Compressed-Bold.otf */; };
		F36376B9D3894338B316F99F /* Coolvetica-Condensed-Heavy.otf in Resources */ = {isa = PBXBuildFile; fileRef = CFF16BCA12D84659B797B4A9 /* Coolvetica-Condensed-Heavy.otf */; };
		0FD5E50B6DC949F7AC027FC3 /* Coolvetica-Italic.otf in Resources */ = {isa = PBXBuildFile; fileRef = 8FC09CD839E6488AACF6D14B /* Coolvetica-Italic.otf */; };
/* End PBXBuildFile section */

/* Begin PBXFileReference section */
		13B07F961A680F5B00A75B9A /* AlzheFi.app */ = {isa = PBXFileReference; explicitFileType = wrapper.application; includeInIndex = 0; path = AlzheFi.app; sourceTree = BUILT_PRODUCTS_DIR; };
		13B07FB51A68108700A75B9A /* Images.xcassets */ = {isa = PBXFileReference; lastKnownFileType = folder.assetcatalog; name = Images.xcassets; path = AlzheFi/Images.xcassets; sourceTree = "<group>"; };
		13B07FB61A68108700A75B9A /* Info.plist */ = {isa = PBXFileReference; fileEncoding = 4; lastKnownFileType = text.plist.xml; name = Info.plist; path = AlzheFi/Info.plist; sourceTree = "<group>"; };
		13B07FB81A68108700A75B9A /* PrivacyInfo.xcprivacy */ = {isa = PBXFileReference; fileEncoding = 4; lastKnownFileType = text.plist.xml; name = PrivacyInfo.xcprivacy; path = AlzheFi/PrivacyInfo.xcprivacy; sourceTree = "<group>"; };
		3B4392A12AC88292D35C810B /* Pods-AlzheFi.debug.xcconfig */ = {isa = PBXFileReference; includeInIndex = 1; lastKnownFileType = text.xcconfig; name = "Pods-AlzheFi.debug.xcconfig"; path = "Target Support Files/Pods-AlzheFi/Pods-AlzheFi.debug.xcconfig"; sourceTree = "<group>"; };
		5709B34CF0A7D63546082F79 /* Pods-AlzheFi.release.xcconfig */ = {isa = PBXFileReference; includeInIndex = 1; lastKnownFileType = text.xcconfig; name = "Pods-AlzheFi.release.xcconfig"; path = "Target Support Files/Pods-AlzheFi/Pods-AlzheFi.release.xcconfig"; sourceTree = "<group>"; };
		5DCACB8F33CDC322A6C60F78 /* libPods-AlzheFi.a */ = {isa = PBXFileReference; explicitFileType = archive.ar; includeInIndex = 0; path = "libPods-AlzheFi.a"; sourceTree = BUILT_PRODUCTS_DIR; };
		761780EC2CA45674006654EE /* AppDelegate.swift */ = {isa = PBXFileReference; lastKnownFileType = sourcecode.swift; name = AppDelegate.swift; path = AlzheFi/AppDelegate.swift; sourceTree = "<group>"; };
		81AB9BB72411601600AC10FF /* LaunchScreen.storyboard */ = {isa = PBXFileReference; fileEncoding = 4; lastKnownFileType = file.storyboard; name = LaunchScreen.storyboard; path = AlzheFi/LaunchScreen.storyboard; sourceTree = "<group>"; };
		ED297162215061F000B7C4FE /* JavaScriptCore.framework */ = {isa = PBXFileReference; lastKnownFileType = wrapper.framework; name = JavaScriptCore.framework; path = System/Library/Frameworks/JavaScriptCore.framework; sourceTree = SDKROOT; };
		E24EA3F78ACF48A0A994CB02 /* Fontisto.ttf */ = {isa = PBXFileReference; name = "Fontisto.ttf"; path = "../node_modules/react-native-vector-icons/Fonts/Fontisto.ttf"; sourceTree = "<group>"; fileEncoding = undefined; lastKnownFileType = unknown; explicitFileType = undefined; includeInIndex = 0; };
		AD9D3148EAEA431AA737DB92 /* Octicons.ttf */ = {isa = PBXFileReference; name = "Octicons.ttf"; path = "../node_modules/react-native-vector-icons/Fonts/Octicons.ttf"; sourceTree = "<group>"; fileEncoding = undefined; lastKnownFileType = unknown; explicitFileType = undefined; includeInIndex = 0; };
		90DEE6C6B16D4BE587623CE5 /* Feather.ttf */ = {isa = PBXFileReference; name = "Feather.ttf"; path = "../node_modules/react-native-vector-icons/Fonts/Feather.ttf"; sourceTree = "<group>"; fileEncoding = undefined; lastKnownFileType = unknown; explicitFileType = undefined; includeInIndex = 0; };
		1B5055111FA347AB80BD71B3 /* FontAwesome6_Regular.ttf */ = {isa = PBXFileReference; name = "FontAwesome6_Regular.ttf"; path = "../node_modules/react-native-vector-icons/Fonts/FontAwesome6_Regular.ttf"; sourceTree = "<group>"; fileEncoding = undefined; lastKnownFileType = unknown; explicitFileType = undefined; includeInIndex = 0; };
		40675A6DF75C486793A539D0 /* Entypo.ttf */ = {isa = PBXFileReference; name = "Entypo.ttf"; path = "../node_modules/react-native-vector-icons/Fonts/Entypo.ttf"; sourceTree = "<group>"; fileEncoding = undefined; lastKnownFileType = unknown; explicitFileType = undefined; includeInIndex = 0; };
		F9333C55ED2D4ADF976726DB /* FontAwesome5_Brands.ttf */ = {isa = PBXFileReference; name = "FontAwesome5_Brands.ttf"; path = "../node_modules/react-native-vector-icons/Fonts/FontAwesome5_Brands.ttf"; sourceTree = "<group>"; fileEncoding = undefined; lastKnownFileType = unknown; explicitFileType = undefined; includeInIndex = 0; };
		B1304717572C4BEA92E159EB /* MaterialCommunityIcons.ttf */ = {isa = PBXFileReference; name = "MaterialCommunityIcons.ttf"; path = "../node_modules/react-native-vector-icons/Fonts/MaterialCommunityIcons.ttf"; sourceTree = "<group>"; fileEncoding = undefined; lastKnownFileType = unknown; explicitFileType = undefined; includeInIndex = 0; };
		C715955F062A43B5A1FAA7C7 /* AntDesign.ttf */ = {isa = PBXFileReference; name = "AntDesign.ttf"; path = "../node_modules/react-native-vector-icons/Fonts/AntDesign.ttf"; sourceTree = "<group>"; fileEncoding = undefined; lastKnownFileType = unknown; explicitFileType = undefined; includeInIndex = 0; };
		53FCD5D91C9F44B48C16CD87 /* Foundation.ttf */ = {isa = PBXFileReference; name = "Foundation.ttf"; path = "../node_modules/react-native-vector-icons/Fonts/Foundation.ttf"; sourceTree = "<group>"; fileEncoding = undefined; lastKnownFileType = unknown; explicitFileType = undefined; includeInIndex = 0; };
		B5386E34848641829D97C31A /* Ionicons.ttf */ = {isa = PBXFileReference; name = "Ionicons.ttf"; path = "../node_modules/react-native-vector-icons/Fonts/Ionicons.ttf"; sourceTree = "<group>"; fileEncoding = undefined; lastKnownFileType = unknown; explicitFileType = undefined; includeInIndex = 0; };
		61C4D54DAA2B47E9AF69E774 /* FontAwesome5_Solid.ttf */ = {isa = PBXFileReference; name = "FontAwesome5_Solid.ttf"; path = "../node_modules/react-native-vector-icons/Fonts/FontAwesome5_Solid.ttf"; sourceTree = "<group>"; fileEncoding = undefined; lastKnownFileType = unknown; explicitFileType = undefined; includeInIndex = 0; };
		142081405B00447A9074D9C6 /* FontAwesome5_Regular.ttf */ = {isa = PBXFileReference; name = "FontAwesome5_Regular.ttf"; path = "../node_modules/react-native-vector-icons/Fonts/FontAwesome5_Regular.ttf"; sourceTree = "<group>"; fileEncoding = undefined; lastKnownFileType = unknown; explicitFileType = undefined; includeInIndex = 0; };
		3E61305B69374F4984A01947 /* FontAwesome.ttf */ = {isa = PBXFileReference; name = "FontAwesome.ttf"; path = "../node_modules/react-native-vector-icons/Fonts/FontAwesome.ttf"; sourceTree = "<group>"; fileEncoding = undefined; lastKnownFileType = unknown; explicitFileType = undefined; includeInIndex = 0; };
		3C1103DCDE2A41F2A6B3CB3D /* Zocial.ttf */ = {isa = PBXFileReference; name = "Zocial.ttf"; path = "../node_modules/react-native-vector-icons/Fonts/Zocial.ttf"; sourceTree = "<group>"; fileEncoding = undefined; lastKnownFileType = unknown; explicitFileType = undefined; includeInIndex = 0; };
		6AF0A53C78264F36A5571E57 /* EvilIcons.ttf */ = {isa = PBXFileReference; name = "EvilIcons.ttf"; path = "../node_modules/react-native-vector-icons/Fonts/EvilIcons.ttf"; sourceTree = "<group>"; fileEncoding = undefined; lastKnownFileType = unknown; explicitFileType = undefined; includeInIndex = 0; };
		402A67CF288F4A8FAB191938 /* FontAwesome6_Solid.ttf */ = {isa = PBXFileReference; name = "FontAwesome6_Solid.ttf"; path = "../node_modules/react-native-vector-icons/Fonts/FontAwesome6_Solid.ttf"; sourceTree = "<group>"; fileEncoding = undefined; lastKnownFileType = unknown; explicitFileType = undefined; includeInIndex = 0; };
		1595E551A93C4FAE9E70E8A6 /* SimpleLineIcons.ttf */ = {isa = PBXFileReference; name = "SimpleLineIcons.ttf"; path = "../node_modules/react-native-vector-icons/Fonts/SimpleLineIcons.ttf"; sourceTree = "<group>"; fileEncoding = undefined; lastKnownFileType = unknown; explicitFileType = undefined; includeInIndex = 0; };
		0722273806FE43528E612CFF /* FontAwesome6_Brands.ttf */ = {isa = PBXFileReference; name = "FontAwesome6_Brands.ttf"; path = "../node_modules/react-native-vector-icons/Fonts/FontAwesome6_Brands.ttf"; sourceTree = "<group>"; fileEncoding = undefined; lastKnownFileType = unknown; explicitFileType = undefined; includeInIndex = 0; };
		DCB69ED1083A42CA878EC848 /* MaterialIcons.ttf */ = {isa = PBXFileReference; name = "MaterialIcons.ttf"; path = "../node_modules/react-native-vector-icons/Fonts/MaterialIcons.ttf"; sourceTree = "<group>"; fileEncoding = undefined; lastKnownFileType = unknown; explicitFileType = undefined; includeInIndex = 0; };
		BCD7BC8C1F7640CB93F896CB /* Coolvetica-Crammed-Book.otf */ = {isa = PBXFileReference; name = "Coolvetica-Crammed-Book.otf"; path = "../assets/Fonts/Coolvetica-Crammed-Book.otf"; sourceTree = "<group>"; fileEncoding = undefined; lastKnownFileType = unknown; explicitFileType = undefined; includeInIndex = 0; };
		FECD91F6828348308EBD4207 /* Coolvetica-Compressed-Extra-Light.otf */ = {isa = PBXFileReference; name = "Coolvetica-Compressed-Extra-Light.otf"; path = "../assets/Fonts/Coolvetica-Compressed-Extra-Light.otf"; sourceTree = "<group>"; fileEncoding = undefined; lastKnownFileType = unknown; explicitFileType = undefined; includeInIndex = 0; };
		FC2F05C01A5B412BA23C8EF2 /* Coolvetica-Ultra-Light-Regular.otf */ = {isa = PBXFileReference; name = "Coolvetica-Ultra-Light-Regular.otf"; path = "../assets/Fonts/Coolvetica-Ultra-Light-Regular.otf"; sourceTree = "<group>"; fileEncoding = undefined; lastKnownFileType = unknown; explicitFileType = undefined; includeInIndex = 0; };
		78924866D35741EEB0A38C1A /* Coolvetica-Compressed.otf */ = {isa = PBXFileReference; name = "Coolvetica-Compressed.otf"; path = "../assets/Fonts/Coolvetica-Compressed.otf"; sourceTree = "<group>"; fileEncoding = undefined; lastKnownFileType = unknown; explicitFileType = undefined; includeInIndex = 0; };
		BBBDA85C48DB4F5496C756DD /* Coolvetica-Crammed-Bold.otf */ = {isa = PBXFileReference; name = "Coolvetica-Crammed-Bold.otf"; path = "../assets/Fonts/Coolvetica-Crammed-Bold.otf"; sourceTree = "<group>"; fileEncoding = undefined; lastKnownFileType = unknown; explicitFileType = undefined; includeInIndex = 0; };
		61DAF496CC984F57BF8F933D /* Coolvetica-Extra-Light-Italic.otf */ = {isa = PBXFileReference; name = "Coolvetica-Extra-Light-Italic.otf"; path = "../assets/Fonts/Coolvetica-Extra-Light-Italic.otf"; sourceTree = "<group>"; fileEncoding = undefined; lastKnownFileType = unknown; explicitFileType = undefined; includeInIndex = 0; };
		CAA08389382242CFB5D55A36 /* SpaceGrotesk-SemiBold.otf */ = {isa = PBXFileReference; name = "SpaceGrotesk-SemiBold.otf"; path = "../assets/Fonts/SpaceGrotesk-SemiBold.otf"; sourceTree = "<group>"; fileEncoding = undefined; lastKnownFileType = unknown; explicitFileType = undefined; includeInIndex = 0; };
		57360F62EEFB4642B0E32C89 /* Coolvetica-Crammed-Extra-Light.otf */ = {isa = PBXFileReference; name = "Coolvetica-Crammed-Extra-Light.otf"; path = "../assets/Fonts/Coolvetica-Crammed-Extra-Light.otf"; sourceTree = "<group>"; fileEncoding = undefined; lastKnownFileType = unknown; explicitFileType = undefined; includeInIndex = 0; };
		5DBAC60CA8EB4A93903D1504 /* Coolvetica-Condensed-Extra-Light.otf */ = {isa = PBXFileReference; name = "Coolvetica-Condensed-Extra-Light.otf"; path = "../assets/Fonts/Coolvetica-Condensed-Extra-Light.otf"; sourceTree = "<group>"; fileEncoding = undefined; lastKnownFileType = unknown; explicitFileType = undefined; includeInIndex = 0; };
		14D3E50D7604419A99DDD4BB /* Coolvetica-Heavy-Italic.otf */ = {isa = PBXFileReference; name = "Coolvetica-Heavy-Italic.otf"; path = "../assets/Fonts/Coolvetica-Heavy-Italic.otf"; sourceTree = "<group>"; fileEncoding = undefined; lastKnownFileType = unknown; explicitFileType = undefined; includeInIndex = 0; };
		8270464D85674FBDA209BB96 /* Coolvetica-Crammed-Light.otf */ = {isa = PBXFileReference; name = "Coolvetica-Crammed-Light.otf"; path = "../assets/Fonts/Coolvetica-Crammed-Light.otf"; sourceTree = "<group>"; fileEncoding = undefined; lastKnownFileType = unknown; explicitFileType = undefined; includeInIndex = 0; };
		2BC93838E0B544CEBB63F9EF /* Coolvetica-Compressed-Light.otf */ = {isa = PBXFileReference; name = "Coolvetica-Compressed-Light.otf"; path = "../assets/Fonts/Coolvetica-Compressed-Light.otf"; sourceTree = "<group>"; fileEncoding = undefined; lastKnownFileType = unknown; explicitFileType = undefined; includeInIndex = 0; };
		03F19D0BA19745AF9ECCE600 /* Coolvetica-Ultra-Light-Italic.otf */ = {isa = PBXFileReference; name = "Coolvetica-Ultra-Light-Italic.otf"; path = "../assets/Fonts/Coolvetica-Ultra-Light-Italic.otf"; sourceTree = "<group>"; fileEncoding = undefined; lastKnownFileType = unknown; explicitFileType = undefined; includeInIndex = 0; };
		712275BFF0474BEC9FFD9DCB /* Coolvetica-Book-Italic.otf */ = {isa = PBXFileReference; name = "Coolvetica-Book-Italic.otf"; path = "../assets/Fonts/Coolvetica-Book-Italic.otf"; sourceTree = "<group>"; fileEncoding = undefined; lastKnownFileType = unknown; explicitFileType = undefined; includeInIndex = 0; };
		129838D263BF44D59C2B358B /* Coolvetica-Light-Italic.otf */ = {isa = PBXFileReference; name = "Coolvetica-Light-Italic.otf"; path = "../assets/Fonts/Coolvetica-Light-Italic.otf"; sourceTree = "<group>"; fileEncoding = undefined; lastKnownFileType = unknown; explicitFileType = undefined; includeInIndex = 0; };
		4FF1BEBA7B054699B0324D6B /* Coolvetica-Bold.otf */ = {isa = PBXFileReference; name = "Coolvetica-Bold.otf"; path = "../assets/Fonts/Coolvetica-Bold.otf"; sourceTree = "<group>"; fileEncoding = undefined; lastKnownFileType = unknown; explicitFileType = undefined; includeInIndex = 0; };
		B632A69825E94F84B7C23D62 /* SpaceGrotesk-Regular.otf */ = {isa = PBXFileReference; name = "SpaceGrotesk-Regular.otf"; path = "../assets/Fonts/SpaceGrotesk-Regular.otf"; sourceTree = "<group>"; fileEncoding = undefined; lastKnownFileType = unknown; explicitFileType = undefined; includeInIndex = 0; };
		5D148F3BAAF747EE80F5CB63 /* Coolvetica-Compressed-Heavy.otf */ = {isa = PBXFileReference; name = "Coolvetica-Compressed-Heavy.otf"; path = "../assets/Fonts/Coolvetica-Compressed-Heavy.otf"; sourceTree = "<group>"; fileEncoding = undefined; lastKnownFileType = unknown; explicitFileType = undefined; includeInIndex = 0; };
		1910F8D065C84FC8A20E51A0 /* Coolvetica-Crammed-Heavy.otf */ = {isa = PBXFileReference; name = "Coolvetica-Crammed-Heavy.otf"; path = "../assets/Fonts/Coolvetica-Crammed-Heavy.otf"; sourceTree = "<group>"; fileEncoding = undefined; lastKnownFileType = unknown; explicitFileType = undefined; includeInIndex = 0; };
		EC6BD4D96E0046ADBCE12C38 /* Coolvetica-Bold-Italic.otf */ = {isa = PBXFileReference; name = "Coolvetica-Bold-Italic.otf"; path = "../assets/Fonts/Coolvetica-Bold-Italic.otf"; sourceTree = "<group>"; fileEncoding = undefined; lastKnownFileType = unknown; explicitFileType = undefined; includeInIndex = 0; };
		E77D4AF991E547DB9DDA0009 /* Coolvetica-Heavy-Regular.otf */ = {isa = PBXFileReference; name = "Coolvetica-Heavy-Regular.otf"; path = "../assets/Fonts/Coolvetica-Heavy-Regular.otf"; sourceTree = "<group>"; fileEncoding = undefined; lastKnownFileType = unknown; explicitFileType = undefined; includeInIndex = 0; };
		C3C32368AABD4DC5BDCEFBA3 /* SpaceGrotesk-Light.otf */ = {isa = PBXFileReference; name = "SpaceGrotesk-Light.otf"; path = "../assets/Fonts/SpaceGrotesk-Light.otf"; sourceTree = "<group>"; fileEncoding = undefined; lastKnownFileType = unknown; explicitFileType = undefined; includeInIndex = 0; };
		5769F83700914341988FF2FB /* SpaceGrotesk-Bold.otf */ = {isa = PBXFileReference; name = "SpaceGrotesk-Bold.otf"; path = "../assets/Fonts/SpaceGrotesk-Bold.otf"; sourceTree = "<group>"; fileEncoding = undefined; lastKnownFileType = unknown; explicitFileType = undefined; includeInIndex = 0; };
		FB3F3661B7514EC0908396E4 /* Coolvetica-Condensed-Light.otf */ = {isa = PBXFileReference; name = "Coolvetica-Condensed-Light.otf"; path = "../assets/Fonts/Coolvetica-Condensed-Light.otf"; sourceTree = "<group>"; fileEncoding = undefined; lastKnownFileType = unknown; explicitFileType = undefined; includeInIndex = 0; };
		9A93BF52AC6444D1B907C63B /* Coolvetica-Crammed.otf */ = {isa = PBXFileReference; name = "Coolvetica-Crammed.otf"; path = "../assets/Fonts/Coolvetica-Crammed.otf"; sourceTree = "<group>"; fileEncoding = undefined; lastKnownFileType = unknown; explicitFileType = undefined; includeInIndex = 0; };
		C62E276CC68D4D3E8D57868D /* Coolvetica-Crammed-Ultra-Light.otf */ = {isa = PBXFileReference; name = "Coolvetica-Crammed-Ultra-Light.otf"; path = "../assets/Fonts/Coolvetica-Crammed-Ultra-Light.otf"; sourceTree = "<group>"; fileEncoding = undefined; lastKnownFileType = unknown; explicitFileType = undefined; includeInIndex = 0; };
		30DF1E63F3BC462E95577669 /* Coolvetica-Condensed-Ultra-Light.otf */ = {isa = PBXFileReference; name = "Coolvetica-Condensed-Ultra-Light.otf"; path = "../assets/Fonts/Coolvetica-Condensed-Ultra-Light.otf"; sourceTree = "<group>"; fileEncoding = undefined; lastKnownFileType = unknown; explicitFileType = undefined; includeInIndex = 0; };
		88600F2093D643B1B7257AC2 /* Coolvetica-Book-Regular.otf */ = {isa = PBXFileReference; name = "Coolvetica-Book-Regular.otf"; path = "../assets/Fonts/Coolvetica-Book-Regular.otf"; sourceTree = "<group>"; fileEncoding = undefined; lastKnownFileType = unknown; explicitFileType = undefined; includeInIndex = 0; };
		BE69F841C5784EDE90008FD7 /* Coolvetica-Condensed-Bold.otf */ = {isa = PBXFileReference; name = "Coolvetica-Condensed-Bold.otf"; path = "../assets/Fonts/Coolvetica-Condensed-Bold.otf"; sourceTree = "<group>"; fileEncoding = undefined; lastKnownFileType = unknown; explicitFileType = undefined; includeInIndex = 0; };
		26A8D49B674D4C15B45B503B /* SpaceGrotesk-Medium.otf */ = {isa = PBXFileReference; name = "SpaceGrotesk-Medium.otf"; path = "../assets/Fonts/SpaceGrotesk-Medium.otf"; sourceTree = "<group>"; fileEncoding = undefined; lastKnownFileType = unknown; explicitFileType = undefined; includeInIndex = 0; };
		625B3BA940F34B8C96C01569 /* Coolvetica-Compressed-Ultra-Light.otf */ = {isa = PBXFileReference; name = "Coolvetica-Compressed-Ultra-Light.otf"; path = "../assets/Fonts/Coolvetica-Compressed-Ultra-Light.otf"; sourceTree = "<group>"; fileEncoding = undefined; lastKnownFileType = unknown; explicitFileType = undefined; includeInIndex = 0; };
		3FBC0CF2E3F9490280D36729 /* Coolvetica-Extra-Light-Regular.otf */ = {isa = PBXFileReference; name = "Coolvetica-Extra-Light-Regular.otf"; path = "../assets/Fonts/Coolvetica-Extra-Light-Regular.otf"; sourceTree = "<group>"; fileEncoding = undefined; lastKnownFileType = unknown; explicitFileType = undefined; includeInIndex = 0; };
		D0F26541FA5B4DFC935754B9 /* Coolvetica-Condensed-Book.otf */ = {isa = PBXFileReference; name = "Coolvetica-Condensed-Book.otf"; path = "../assets/Fonts/Coolvetica-Condensed-Book.otf"; sourceTree = "<group>"; fileEncoding = undefined; lastKnownFileType = unknown; explicitFileType = undefined; includeInIndex = 0; };
		F55658765EF04F4391B19256 /* Coolvetica-Regular.otf */ = {isa = PBXFileReference; name = "Coolvetica-Regular.otf"; path = "../assets/Fonts/Coolvetica-Regular.otf"; sourceTree = "<group>"; fileEncoding = undefined; lastKnownFileType = unknown; explicitFileType = undefined; includeInIndex = 0; };
		96D6F5E03B764FBEA46154C1 /* Coolvetica-Compressed-Book.otf */ = {isa = PBXFileReference; name = "Coolvetica-Compressed-Book.otf"; path = "../assets/Fonts/Coolvetica-Compressed-Book.otf"; sourceTree = "<group>"; fileEncoding = undefined; lastKnownFileType = unknown; explicitFileType = undefined; includeInIndex = 0; };
		830338FAC07C4F63B98181E5 /* Coolvetica-Condensed.otf */ = {isa = PBXFileReference; name = "Coolvetica-Condensed.otf"; path = "../assets/Fonts/Coolvetica-Condensed.otf"; sourceTree = "<group>"; fileEncoding = undefined; lastKnownFileType = unknown; explicitFileType = undefined; includeInIndex = 0; };
		F7708C64C6944EE38B996530 /* Coolvetica-Light-Regular.otf */ = {isa = PBXFileReference; name = "Coolvetica-Light-Regular.otf"; path = "../assets/Fonts/Coolvetica-Light-Regular.otf"; sourceTree = "<group>"; fileEncoding = undefined; lastKnownFileType = unknown; explicitFileType = undefined; includeInIndex = 0; };
		937736CBBB3B4839BC771F40 /* Coolvetica-Compressed-Bold.otf */ = {isa = PBXFileReference; name = "Coolvetica-Compressed-Bold.otf"; path = "../assets/Fonts/Coolvetica-Compressed-Bold.otf"; sourceTree = "<group>"; fileEncoding = undefined; lastKnownFileType = unknown; explicitFileType = undefined; includeInIndex = 0; };
		CFF16BCA12D84659B797B4A9 /* Coolvetica-Condensed-Heavy.otf */ = {isa = PBXFileReference; name = "Coolvetica-Condensed-Heavy.otf"; path = "../assets/Fonts/Coolvetica-Condensed-Heavy.otf"; sourceTree = "<group>"; fileEncoding = undefined; lastKnownFileType = unknown; explicitFileType = undefined; includeInIndex = 0; };
		8FC09CD839E6488AACF6D14B /* Coolvetica-Italic.otf */ = {isa = PBXFileReference; name = "Coolvetica-Italic.otf"; path = "../assets/Fonts/Coolvetica-Italic.otf"; sourceTree = "<group>"; fileEncoding = undefined; lastKnownFileType = unknown; explicitFileType = undefined; includeInIndex = 0; };
/* End PBXFileReference section */

/* Begin PBXFrameworksBuildPhase section */
		13B07F8C1A680F5B00A75B9A /* Frameworks */ = {
			isa = PBXFrameworksBuildPhase;
			buildActionMask = 2147483647;
			files = (
				0C80B921A6F3F58F76C31292 /* libPods-AlzheFi.a in Frameworks */,
			);
			runOnlyForDeploymentPostprocessing = 0;
		};
/* End PBXFrameworksBuildPhase section */

/* Begin PBXGroup section */
		13B07FAE1A68108700A75B9A /* AlzheFi */ = {
			isa = PBXGroup;
			children = (
				13B07FB51A68108700A75B9A /* Images.xcassets */,
				761780EC2CA45674006654EE /* AppDelegate.swift */,
				13B07FB61A68108700A75B9A /* Info.plist */,
				81AB9BB72411601600AC10FF /* LaunchScreen.storyboard */,
				13B07FB81A68108700A75B9A /* PrivacyInfo.xcprivacy */,
			);
			name = AlzheFi;
			sourceTree = "<group>";
		};
		2D16E6871FA4F8E400B85C8A /* Frameworks */ = {
			isa = PBXGroup;
			children = (
				ED297162215061F000B7C4FE /* JavaScriptCore.framework */,
				5DCACB8F33CDC322A6C60F78 /* libPods-AlzheFi.a */,
			);
			name = Frameworks;
			sourceTree = "<group>";
		};
		832341AE1AAA6A7D00B99B32 /* Libraries */ = {
			isa = PBXGroup;
			children = (
			);
			name = Libraries;
			sourceTree = "<group>";
		};
		83CBB9F61A601CBA00E9B192 = {
			isa = PBXGroup;
			children = (
				13B07FAE1A68108700A75B9A /* AlzheFi */,
				832341AE1AAA6A7D00B99B32 /* Libraries */,
				83CBBA001A601CBA00E9B192 /* Products */,
				2D16E6871FA4F8E400B85C8A /* Frameworks */,
				BBD78D7AC51CEA395F1C20DB /* Pods */,
				6BA03267641D4B64912511B7 /* Resources */,
			);
			indentWidth = 2;
			sourceTree = "<group>";
			tabWidth = 2;
			usesTabs = 0;
		};
		83CBBA001A601CBA00E9B192 /* Products */ = {
			isa = PBXGroup;
			children = (
				13B07F961A680F5B00A75B9A /* AlzheFi.app */,
			);
			name = Products;
			sourceTree = "<group>";
		};
		BBD78D7AC51CEA395F1C20DB /* Pods */ = {
			isa = PBXGroup;
			children = (
				3B4392A12AC88292D35C810B /* Pods-AlzheFi.debug.xcconfig */,
				5709B34CF0A7D63546082F79 /* Pods-AlzheFi.release.xcconfig */,
			);
			path = Pods;
			sourceTree = "<group>";
		};
		6BA03267641D4B64912511B7 /* Resources */ = {
			isa = "PBXGroup";
			children = (
				E24EA3F78ACF48A0A994CB02 /* Fontisto.ttf */,
				AD9D3148EAEA431AA737DB92 /* Octicons.ttf */,
				90DEE6C6B16D4BE587623CE5 /* Feather.ttf */,
				1B5055111FA347AB80BD71B3 /* FontAwesome6_Regular.ttf */,
				40675A6DF75C486793A539D0 /* Entypo.ttf */,
				F9333C55ED2D4ADF976726DB /* FontAwesome5_Brands.ttf */,
				B1304717572C4BEA92E159EB /* MaterialCommunityIcons.ttf */,
				C715955F062A43B5A1FAA7C7 /* AntDesign.ttf */,
				53FCD5D91C9F44B48C16CD87 /* Foundation.ttf */,
				B5386E34848641829D97C31A /* Ionicons.ttf */,
				61C4D54DAA2B47E9AF69E774 /* FontAwesome5_Solid.ttf */,
				142081405B00447A9074D9C6 /* FontAwesome5_Regular.ttf */,
				3E61305B69374F4984A01947 /* FontAwesome.ttf */,
				3C1103DCDE2A41F2A6B3CB3D /* Zocial.ttf */,
				6AF0A53C78264F36A5571E57 /* EvilIcons.ttf */,
				402A67CF288F4A8FAB191938 /* FontAwesome6_Solid.ttf */,
				1595E551A93C4FAE9E70E8A6 /* SimpleLineIcons.ttf */,
				0722273806FE43528E612CFF /* FontAwesome6_Brands.ttf */,
				DCB69ED1083A42CA878EC848 /* MaterialIcons.ttf */,
				BCD7BC8C1F7640CB93F896CB /* Coolvetica-Crammed-Book.otf */,
				FECD91F6828348308EBD4207 /* Coolvetica-Compressed-Extra-Light.otf */,
				FC2F05C01A5B412BA23C8EF2 /* Coolvetica-Ultra-Light-Regular.otf */,
				78924866D35741EEB0A38C1A /* Coolvetica-Compressed.otf */,
				BBBDA85C48DB4F5496C756DD /* Coolvetica-Crammed-Bold.otf */,
				61DAF496CC984F57BF8F933D /* Coolvetica-Extra-Light-Italic.otf */,
				CAA08389382242CFB5D55A36 /* SpaceGrotesk-SemiBold.otf */,
				57360F62EEFB4642B0E32C89 /* Coolvetica-Crammed-Extra-Light.otf */,
				5DBAC60CA8EB4A93903D1504 /* Coolvetica-Condensed-Extra-Light.otf */,
				14D3E50D7604419A99DDD4BB /* Coolvetica-Heavy-Italic.otf */,
				8270464D85674FBDA209BB96 /* Coolvetica-Crammed-Light.otf */,
				2BC93838E0B544CEBB63F9EF /* Coolvetica-Compressed-Light.otf */,
				03F19D0BA19745AF9ECCE600 /* Coolvetica-Ultra-Light-Italic.otf */,
				712275BFF0474BEC9FFD9DCB /* Coolvetica-Book-Italic.otf */,
				129838D263BF44D59C2B358B /* Coolvetica-Light-Italic.otf */,
				4FF1BEBA7B054699B0324D6B /* Coolvetica-Bold.otf */,
				B632A69825E94F84B7C23D62 /* SpaceGrotesk-Regular.otf */,
				5D148F3BAAF747EE80F5CB63 /* Coolvetica-Compressed-Heavy.otf */,
				1910F8D065C84FC8A20E51A0 /* Coolvetica-Crammed-Heavy.otf */,
				EC6BD4D96E0046ADBCE12C38 /* Coolvetica-Bold-Italic.otf */,
				E77D4AF991E547DB9DDA0009 /* Coolvetica-Heavy-Regular.otf */,
				C3C32368AABD4DC5BDCEFBA3 /* SpaceGrotesk-Light.otf */,
				5769F83700914341988FF2FB /* SpaceGrotesk-Bold.otf */,
				FB3F3661B7514EC0908396E4 /* Coolvetica-Condensed-Light.otf */,
				9A93BF52AC6444D1B907C63B /* Coolvetica-Crammed.otf */,
				C62E276CC68D4D3E8D57868D /* Coolvetica-Crammed-Ultra-Light.otf */,
				30DF1E63F3BC462E95577669 /* Coolvetica-Condensed-Ultra-Light.otf */,
				88600F2093D643B1B7257AC2 /* Coolvetica-Book-Regular.otf */,
				BE69F841C5784EDE90008FD7 /* Coolvetica-Condensed-Bold.otf */,
				26A8D49B674D4C15B45B503B /* SpaceGrotesk-Medium.otf */,
				625B3BA940F34B8C96C01569 /* Coolvetica-Compressed-Ultra-Light.otf */,
				3FBC0CF2E3F9490280D36729 /* Coolvetica-Extra-Light-Regular.otf */,
				D0F26541FA5B4DFC935754B9 /* Coolvetica-Condensed-Book.otf */,
				F55658765EF04F4391B19256 /* Coolvetica-Regular.otf */,
				96D6F5E03B764FBEA46154C1 /* Coolvetica-Compressed-Book.otf */,
				830338FAC07C4F63B98181E5 /* Coolvetica-Condensed.otf */,
				F7708C64C6944EE38B996530 /* Coolvetica-Light-Regular.otf */,
				937736CBBB3B4839BC771F40 /* Coolvetica-Compressed-Bold.otf */,
				CFF16BCA12D84659B797B4A9 /* Coolvetica-Condensed-Heavy.otf */,
				8FC09CD839E6488AACF6D14B /* Coolvetica-Italic.otf */,
			);
			name = Resources;
			sourceTree = "<group>";
			path = "";
		};
/* End PBXGroup section */

/* Begin PBXNativeTarget section */
		13B07F861A680F5B00A75B9A /* AlzheFi */ = {
			isa = PBXNativeTarget;
			buildConfigurationList = 13B07F931A680F5B00A75B9A /* Build configuration list for PBXNativeTarget "AlzheFi" */;
			buildPhases = (
				C38B50BA6285516D6DCD4F65 /* [CP] Check Pods Manifest.lock */,
				13B07F871A680F5B00A75B9A /* Sources */,
				13B07F8C1A680F5B00A75B9A /* Frameworks */,
				13B07F8E1A680F5B00A75B9A /* Resources */,
				00DD1BFF1BD5951E006B06BC /* Bundle React Native code and images */,
				00EEFC60759A1932668264C0 /* [CP] Embed Pods Frameworks */,
				E235C05ADACE081382539298 /* [CP] Copy Pods Resources */,
			);
			buildRules = (
			);
			dependencies = (
			);
			name = AlzheFi;
			productName = AlzheFi;
			productReference = 13B07F961A680F5B00A75B9A /* AlzheFi.app */;
			productType = "com.apple.product-type.application";
		};
/* End PBXNativeTarget section */

/* Begin PBXProject section */
		83CBB9F71A601CBA00E9B192 /* Project object */ = {
			isa = PBXProject;
			attributes = {
				LastUpgradeCheck = 1210;
				TargetAttributes = {
					13B07F861A680F5B00A75B9A = {
						LastSwiftMigration = 1120;
					};
				};
			};
			buildConfigurationList = 83CBB9FA1A601CBA00E9B192 /* Build configuration list for PBXProject "AlzheFi" */;
			compatibilityVersion = "Xcode 12.0";
			developmentRegion = en;
			hasScannedForEncodings = 0;
			knownRegions = (
				en,
				Base,
			);
			mainGroup = 83CBB9F61A601CBA00E9B192;
			productRefGroup = 83CBBA001A601CBA00E9B192 /* Products */;
			projectDirPath = "";
			projectRoot = "";
			targets = (
				13B07F861A680F5B00A75B9A /* AlzheFi */,
			);
		};
/* End PBXProject section */

/* Begin PBXResourcesBuildPhase section */
		13B07F8E1A680F5B00A75B9A /* Resources */ = {
			isa = PBXResourcesBuildPhase;
			buildActionMask = 2147483647;
			files = (
				81AB9BB82411601600AC10FF /* LaunchScreen.storyboard in Resources */,
				13B07FBF1A68108700A75B9A /* Images.xcassets in Resources */,
				46ECA91A0F3699BD7318A05A /* PrivacyInfo.xcprivacy in Resources */,
				FEE22E5A8B284EF6ABB0801F /* Fontisto.ttf in Resources */,
				2C9B17EE42814CBCAB0B361F /* Octicons.ttf in Resources */,
				04DC1CBC4AA14CB385348687 /* Feather.ttf in Resources */,
				74E2E5C858DF4E9982F5099F /* FontAwesome6_Regular.ttf in Resources */,
				039948B3A04146B9AA302DB0 /* Entypo.ttf in Resources */,
				13BB5C2AB49C45FF91C8C2D1 /* FontAwesome5_Brands.ttf in Resources */,
				5395BCF1660B44D1904D337D /* MaterialCommunityIcons.ttf in Resources */,
				1D8C78B3355448768E4E3003 /* AntDesign.ttf in Resources */,
				AE6CAA25F6E6469A948025B2 /* Foundation.ttf in Resources */,
				70BD5B78F5984ABF9BBD1EC0 /* Ionicons.ttf in Resources */,
				80DC45E212FC42339A8D690F /* FontAwesome5_Solid.ttf in Resources */,
				772BE1C4F19F4EF7BF460D31 /* FontAwesome5_Regular.ttf in Resources */,
				D919B03C94284A9D8DA42911 /* FontAwesome.ttf in Resources */,
				B8569CEBFDB54B86A5E1AB2B /* Zocial.ttf in Resources */,
				5C8B4948C1234B1CB7A94913 /* EvilIcons.ttf in Resources */,
				DE8D590763494EE4BAF403A2 /* FontAwesome6_Solid.ttf in Resources */,
				CEACE07CD8034A72B2E05FF3 /* SimpleLineIcons.ttf in Resources */,
				2690950AF8CD4A5DB21C3EAE /* FontAwesome6_Brands.ttf in Resources */,
				7A77684EA41F456EA0A25D58 /* MaterialIcons.ttf in Resources */,
				E6794CBC1B2D4342A09BF819 /* Coolvetica-Crammed-Book.otf in Resources */,
				B2C64F898A80459EB788D025 /* Coolvetica-Compressed-Extra-Light.otf in Resources */,
				1970182F651A441E9D5FA9FC /* Coolvetica-Ultra-Light-Regular.otf in Resources */,
				C10DC5BFD38A48728A10A3C5 /* Coolvetica-Compressed.otf in Resources */,
				1B4DADAE1DF84EEF9F0B0230 /* Coolvetica-Crammed-Bold.otf in Resources */,
				53F714D7E37D4A45BF990951 /* Coolvetica-Extra-Light-Italic.otf in Resources */,
				7EAB2BE34D0F49499686C3D0 /* SpaceGrotesk-SemiBold.otf in Resources */,
				576AA1A120644F4B823C1307 /* Coolvetica-Crammed-Extra-Light.otf in Resources */,
				97856591D62644BA87F388BD /* Coolvetica-Condensed-Extra-Light.otf in Resources */,
				E3ECDB7EA3B54CC7B2FD08EF /* Coolvetica-Heavy-Italic.otf in Resources */,
				4DCD83A1AA7F467DA236DE77 /* Coolvetica-Crammed-Light.otf in Resources */,
				FB833F5707794CDC904B8667 /* Coolvetica-Compressed-Light.otf in Resources */,
				4AE111EB96E6463C8101BCB7 /* Coolvetica-Ultra-Light-Italic.otf in Resources */,
				775257516BD7418894C33CAD /* Coolvetica-Book-Italic.otf in Resources */,
				E17D5022CE7746E3BF017A2A /* Coolvetica-Light-Italic.otf in Resources */,
				43C90C52246F461682D8A688 /* Coolvetica-Bold.otf in Resources */,
				7E4F415E4D7845C3AF2386F2 /* SpaceGrotesk-Regular.otf in Resources */,
				9FEEC3FAB0524DEAB8B4E25D /* Coolvetica-Compressed-Heavy.otf in Resources */,
				A649EE789C3B4ACFB476E37C /* Coolvetica-Crammed-Heavy.otf in Resources */,
				F74C900D0A9E4381B6125B97 /* Coolvetica-Bold-Italic.otf in Resources */,
				ADCBDDC0A0E8444AA6A6320B /* Coolvetica-Heavy-Regular.otf in Resources */,
				0CC06A7604544AE6AB50C27D /* SpaceGrotesk-Light.otf in Resources */,
				876C6567BCDA4E28832C8660 /* SpaceGrotesk-Bold.otf in Resources */,
				E4EE3493E5FD4D28A58B1A10 /* Coolvetica-Condensed-Light.otf in Resources */,
				05A543FEA98A4BDBA2B33B03 /* Coolvetica-Crammed.otf in Resources */,
				7EFB3A8533A14FA48B296562 /* Coolvetica-Crammed-Ultra-Light.otf in Resources */,
				091583400AC0451BB83E1F99 /* Coolvetica-Condensed-Ultra-Light.otf in Resources */,
				1175654042D64549A23D7459 /* Coolvetica-Book-Regular.otf in Resources */,
				4ED1C6BAF7CD410B9DC0CBC8 /* Coolvetica-Condensed-Bold.otf in Resources */,
				3CA66C18ECF94CC39C32A6AD /* SpaceGrotesk-Medium.otf in Resources */,
				BB4E0A4D31D44602AE1A0E84 /* Coolvetica-Compressed-Ultra-Light.otf in Resources */,
				90D6B6C968EB417D97A7ECB1 /* Coolvetica-Extra-Light-Regular.otf in Resources */,
				DA364DFD1D7C48E8BC2259B9 /* Coolvetica-Condensed-Book.otf in Resources */,
				4000885899EB4CF1BB534E4D /* Coolvetica-Regular.otf in Resources */,
				BFE4E9A80C7A4A63985F5CF7 /* Coolvetica-Compressed-Book.otf in Resources */,
				E43FABCE856941CFA2AA311E /* Coolvetica-Condensed.otf in Resources */,
				AE6F815EC5FA46B18DFBCF8E /* Coolvetica-Light-Regular.otf in Resources */,
				B52C4C812A1F4B2E8A1AB0AD /* Coolvetica-Compressed-Bold.otf in Resources */,
				F36376B9D3894338B316F99F /* Coolvetica-Condensed-Heavy.otf in Resources */,
				0FD5E50B6DC949F7AC027FC3 /* Coolvetica-Italic.otf in Resources */,
			);
			runOnlyForDeploymentPostprocessing = 0;
		};
/* End PBXResourcesBuildPhase section */

/* Begin PBXShellScriptBuildPhase section */
		00DD1BFF1BD5951E006B06BC /* Bundle React Native code and images */ = {
			isa = PBXShellScriptBuildPhase;
			buildActionMask = 2147483647;
			files = (
			);
			inputPaths = (
				"$(SRCROOT)/.xcode.env.local",
				"$(SRCROOT)/.xcode.env",
			);
			name = "Bundle React Native code and images";
			outputPaths = (
			);
			runOnlyForDeploymentPostprocessing = 0;
			shellPath = /bin/sh;
			shellScript = "set -e\n\nWITH_ENVIRONMENT=\"$REACT_NATIVE_PATH/scripts/xcode/with-environment.sh\"\nREACT_NATIVE_XCODE=\"$REACT_NATIVE_PATH/scripts/react-native-xcode.sh\"\n\n/bin/sh -c \"\\\"$WITH_ENVIRONMENT\\\" \\\"$REACT_NATIVE_XCODE\\\"\"\n";
		};
		00EEFC60759A1932668264C0 /* [CP] Embed Pods Frameworks */ = {
			isa = PBXShellScriptBuildPhase;
			buildActionMask = 2147483647;
			files = (
			);
			inputFileListPaths = (
				"${PODS_ROOT}/Target Support Files/Pods-AlzheFi/Pods-AlzheFi-frameworks-${CONFIGURATION}-input-files.xcfilelist",
			);
			name = "[CP] Embed Pods Frameworks";
			outputFileListPaths = (
				"${PODS_ROOT}/Target Support Files/Pods-AlzheFi/Pods-AlzheFi-frameworks-${CONFIGURATION}-output-files.xcfilelist",
			);
			runOnlyForDeploymentPostprocessing = 0;
			shellPath = /bin/sh;
			shellScript = "\"${PODS_ROOT}/Target Support Files/Pods-AlzheFi/Pods-AlzheFi-frameworks.sh\"\n";
			showEnvVarsInLog = 0;
		};
		C38B50BA6285516D6DCD4F65 /* [CP] Check Pods Manifest.lock */ = {
			isa = PBXShellScriptBuildPhase;
			buildActionMask = 2147483647;
			files = (
			);
			inputFileListPaths = (
			);
			inputPaths = (
				"${PODS_PODFILE_DIR_PATH}/Podfile.lock",
				"${PODS_ROOT}/Manifest.lock",
			);
			name = "[CP] Check Pods Manifest.lock";
			outputFileListPaths = (
			);
			outputPaths = (
				"$(DERIVED_FILE_DIR)/Pods-AlzheFi-checkManifestLockResult.txt",
			);
			runOnlyForDeploymentPostprocessing = 0;
			shellPath = /bin/sh;
			shellScript = "diff \"${PODS_PODFILE_DIR_PATH}/Podfile.lock\" \"${PODS_ROOT}/Manifest.lock\" > /dev/null\nif [ $? != 0 ] ; then\n    # print error to STDERR\n    echo \"error: The sandbox is not in sync with the Podfile.lock. Run 'pod install' or update your CocoaPods installation.\" >&2\n    exit 1\nfi\n# This output is used by Xcode 'outputs' to avoid re-running this script phase.\necho \"SUCCESS\" > \"${SCRIPT_OUTPUT_FILE_0}\"\n";
			showEnvVarsInLog = 0;
		};
		E235C05ADACE081382539298 /* [CP] Copy Pods Resources */ = {
			isa = PBXShellScriptBuildPhase;
			buildActionMask = 2147483647;
			files = (
			);
			inputFileListPaths = (
				"${PODS_ROOT}/Target Support Files/Pods-AlzheFi/Pods-AlzheFi-resources-${CONFIGURATION}-input-files.xcfilelist",
			);
			name = "[CP] Copy Pods Resources";
			outputFileListPaths = (
				"${PODS_ROOT}/Target Support Files/Pods-AlzheFi/Pods-AlzheFi-resources-${CONFIGURATION}-output-files.xcfilelist",
			);
			runOnlyForDeploymentPostprocessing = 0;
			shellPath = /bin/sh;
			shellScript = "\"${PODS_ROOT}/Target Support Files/Pods-AlzheFi/Pods-AlzheFi-resources.sh\"\n";
			showEnvVarsInLog = 0;
		};
/* End PBXShellScriptBuildPhase section */

/* Begin PBXSourcesBuildPhase section */
		13B07F871A680F5B00A75B9A /* Sources */ = {
			isa = PBXSourcesBuildPhase;
			buildActionMask = 2147483647;
			files = (
				761780ED2CA45674006654EE /* AppDelegate.swift in Sources */,
			);
			runOnlyForDeploymentPostprocessing = 0;
		};
/* End PBXSourcesBuildPhase section */

/* Begin XCBuildConfiguration section */
		13B07F941A680F5B00A75B9A /* Debug */ = {
			isa = XCBuildConfiguration;
			baseConfigurationReference = 3B4392A12AC88292D35C810B /* Pods-AlzheFi.debug.xcconfig */;
			buildSettings = {
				ASSETCATALOG_COMPILER_APPICON_NAME = AppIcon;
				CLANG_ENABLE_MODULES = YES;
				CURRENT_PROJECT_VERSION = 1;
				ENABLE_BITCODE = NO;
				INFOPLIST_FILE = AlzheFi/Info.plist;
				IPHONEOS_DEPLOYMENT_TARGET = 15.1;
				LD_RUNPATH_SEARCH_PATHS = (
					"$(inherited)",
					"@executable_path/Frameworks",
				);
				MARKETING_VERSION = 1.0;
				OTHER_LDFLAGS = (
					"$(inherited)",
					"-ObjC",
					"-lc++",
				);
				PRODUCT_BUNDLE_IDENTIFIER = "org.reactjs.native.example.$(PRODUCT_NAME:rfc1034identifier)";
				PRODUCT_NAME = AlzheFi;
				SUPPORTED_PLATFORMS = "iphoneos iphonesimulator";
				SWIFT_OPTIMIZATION_LEVEL = "-Onone";
				SWIFT_VERSION = 5.0;
				TARGETED_DEVICE_FAMILY = "1,2";
				VERSIONING_SYSTEM = "apple-generic";
			};
			name = Debug;
		};
		13B07F951A680F5B00A75B9A /* Release */ = {
			isa = XCBuildConfiguration;
			baseConfigurationReference = 5709B34CF0A7D63546082F79 /* Pods-AlzheFi.release.xcconfig */;
			buildSettings = {
				ASSETCATALOG_COMPILER_APPICON_NAME = AppIcon;
				CLANG_ENABLE_MODULES = YES;
				CURRENT_PROJECT_VERSION = 1;
				INFOPLIST_FILE = AlzheFi/Info.plist;
				IPHONEOS_DEPLOYMENT_TARGET = 15.1;
				LD_RUNPATH_SEARCH_PATHS = (
					"$(inherited)",
					"@executable_path/Frameworks",
				);
				MARKETING_VERSION = 1.0;
				OTHER_LDFLAGS = (
					"$(inherited)",
					"-ObjC",
					"-lc++",
				);
				PRODUCT_BUNDLE_IDENTIFIER = "org.reactjs.native.example.$(PRODUCT_NAME:rfc1034identifier)";
				PRODUCT_NAME = AlzheFi;
				SUPPORTED_PLATFORMS = "iphoneos iphonesimulator";
				SWIFT_VERSION = 5.0;
				TARGETED_DEVICE_FAMILY = "1,2";
				VERSIONING_SYSTEM = "apple-generic";
			};
			name = Release;
		};
		83CBBA201A601CBA00E9B192 /* Debug */ = {
			isa = XCBuildConfiguration;
			buildSettings = {
				ALWAYS_SEARCH_USER_PATHS = NO;
				CLANG_ANALYZER_LOCALIZABILITY_NONLOCALIZED = YES;
				CLANG_CXX_LANGUAGE_STANDARD = "c++20";
				CLANG_CXX_LIBRARY = "libc++";
				CLANG_ENABLE_MODULES = YES;
				CLANG_ENABLE_OBJC_ARC = YES;
				CLANG_WARN_BLOCK_CAPTURE_AUTORELEASING = YES;
				CLANG_WARN_BOOL_CONVERSION = YES;
				CLANG_WARN_COMMA = YES;
				CLANG_WARN_CONSTANT_CONVERSION = YES;
				CLANG_WARN_DEPRECATED_OBJC_IMPLEMENTATIONS = YES;
				CLANG_WARN_DIRECT_OBJC_ISA_USAGE = YES_ERROR;
				CLANG_WARN_EMPTY_BODY = YES;
				CLANG_WARN_ENUM_CONVERSION = YES;
				CLANG_WARN_INFINITE_RECURSION = YES;
				CLANG_WARN_INT_CONVERSION = YES;
				CLANG_WARN_NON_LITERAL_NULL_CONVERSION = YES;
				CLANG_WARN_OBJC_IMPLICIT_RETAIN_SELF = YES;
				CLANG_WARN_OBJC_LITERAL_CONVERSION = YES;
				CLANG_WARN_OBJC_ROOT_CLASS = YES_ERROR;
				CLANG_WARN_QUOTED_INCLUDE_IN_FRAMEWORK_HEADER = YES;
				CLANG_WARN_RANGE_LOOP_ANALYSIS = YES;
				CLANG_WARN_STRICT_PROTOTYPES = YES;
				CLANG_WARN_SUSPICIOUS_MOVE = YES;
				CLANG_WARN_UNREACHABLE_CODE = YES;
				CLANG_WARN__DUPLICATE_METHOD_MATCH = YES;
				"CODE_SIGN_IDENTITY[sdk=iphoneos*]" = "iPhone Developer";
				COPY_PHASE_STRIP = NO;
				ENABLE_STRICT_OBJC_MSGSEND = YES;
				ENABLE_TESTABILITY = YES;
				"EXCLUDED_ARCHS[sdk=iphonesimulator*]" = "";
				GCC_C_LANGUAGE_STANDARD = gnu99;
				GCC_DYNAMIC_NO_PIC = NO;
				GCC_NO_COMMON_BLOCKS = YES;
				GCC_OPTIMIZATION_LEVEL = 0;
				GCC_PREPROCESSOR_DEFINITIONS = (
					"DEBUG=1",
					"$(inherited)",
				);
				GCC_SYMBOLS_PRIVATE_EXTERN = NO;
				GCC_WARN_64_TO_32_BIT_CONVERSION = YES;
				GCC_WARN_ABOUT_RETURN_TYPE = YES_ERROR;
				GCC_WARN_UNDECLARED_SELECTOR = YES;
				GCC_WARN_UNINITIALIZED_AUTOS = YES_AGGRESSIVE;
				GCC_WARN_UNUSED_FUNCTION = YES;
				GCC_WARN_UNUSED_VARIABLE = YES;
				IPHONEOS_DEPLOYMENT_TARGET = 15.1;
				LD_RUNPATH_SEARCH_PATHS = (
					/usr/lib/swift,
					"$(inherited)",
				);
				LIBRARY_SEARCH_PATHS = (
					"\"$(SDKROOT)/usr/lib/swift\"",
					"\"$(TOOLCHAIN_DIR)/usr/lib/swift/$(PLATFORM_NAME)\"",
					"\"$(inherited)\"",
				);
				MTL_ENABLE_DEBUG_INFO = YES;
				ONLY_ACTIVE_ARCH = YES;
				OTHER_CFLAGS = (
					"$(inherited)",
					"-DRCT_REMOVE_LEGACY_ARCH=1",
				);
				OTHER_CPLUSPLUSFLAGS = (
					"$(OTHER_CFLAGS)",
					"-DFOLLY_NO_CONFIG",
					"-DFOLLY_MOBILE=1",
					"-DFOLLY_USE_LIBCPP=1",
					"-DFOLLY_CFG_NO_COROUTINES=1",
					"-DFOLLY_HAVE_CLOCK_GETTIME=1",
					"-DRCT_REMOVE_LEGACY_ARCH=1",
				);
				REACT_NATIVE_PATH = "${PODS_ROOT}/../../node_modules/react-native";
				SDKROOT = iphoneos;
				SWIFT_ACTIVE_COMPILATION_CONDITIONS = "$(inherited) DEBUG";
				SWIFT_ENABLE_EXPLICIT_MODULES = NO;
				USE_HERMES = true;
			};
			name = Debug;
		};
		83CBBA211A601CBA00E9B192 /* Release */ = {
			isa = XCBuildConfiguration;
			buildSettings = {
				ALWAYS_SEARCH_USER_PATHS = NO;
				CLANG_ANALYZER_LOCALIZABILITY_NONLOCALIZED = YES;
				CLANG_CXX_LANGUAGE_STANDARD = "c++20";
				CLANG_CXX_LIBRARY = "libc++";
				CLANG_ENABLE_MODULES = YES;
				CLANG_ENABLE_OBJC_ARC = YES;
				CLANG_WARN_BLOCK_CAPTURE_AUTORELEASING = YES;
				CLANG_WARN_BOOL_CONVERSION = YES;
				CLANG_WARN_COMMA = YES;
				CLANG_WARN_CONSTANT_CONVERSION = YES;
				CLANG_WARN_DEPRECATED_OBJC_IMPLEMENTATIONS = YES;
				CLANG_WARN_DIRECT_OBJC_ISA_USAGE = YES_ERROR;
				CLANG_WARN_EMPTY_BODY = YES;
				CLANG_WARN_ENUM_CONVERSION = YES;
				CLANG_WARN_INFINITE_RECURSION = YES;
				CLANG_WARN_INT_CONVERSION = YES;
				CLANG_WARN_NON_LITERAL_NULL_CONVERSION = YES;
				CLANG_WARN_OBJC_IMPLICIT_RETAIN_SELF = YES;
				CLANG_WARN_OBJC_LITERAL_CONVERSION = YES;
				CLANG_WARN_OBJC_ROOT_CLASS = YES_ERROR;
				CLANG_WARN_QUOTED_INCLUDE_IN_FRAMEWORK_HEADER = YES;
				CLANG_WARN_RANGE_LOOP_ANALYSIS = YES;
				CLANG_WARN_STRICT_PROTOTYPES = YES;
				CLANG_WARN_SUSPICIOUS_MOVE = YES;
				CLANG_WARN_UNREACHABLE_CODE = YES;
				CLANG_WARN__DUPLICATE_METHOD_MATCH = YES;
				"CODE_SIGN_IDENTITY[sdk=iphoneos*]" = "iPhone Developer";
				COPY_PHASE_STRIP = YES;
				ENABLE_NS_ASSERTIONS = NO;
				ENABLE_STRICT_OBJC_MSGSEND = YES;
				"EXCLUDED_ARCHS[sdk=iphonesimulator*]" = "";
				GCC_C_LANGUAGE_STANDARD = gnu99;
				GCC_NO_COMMON_BLOCKS = YES;
				GCC_WARN_64_TO_32_BIT_CONVERSION = YES;
				GCC_WARN_ABOUT_RETURN_TYPE = YES_ERROR;
				GCC_WARN_UNDECLARED_SELECTOR = YES;
				GCC_WARN_UNINITIALIZED_AUTOS = YES_AGGRESSIVE;
				GCC_WARN_UNUSED_FUNCTION = YES;
				GCC_WARN_UNUSED_VARIABLE = YES;
				IPHONEOS_DEPLOYMENT_TARGET = 15.1;
				LD_RUNPATH_SEARCH_PATHS = (
					/usr/lib/swift,
					"$(inherited)",
				);
				LIBRARY_SEARCH_PATHS = (
					"\"$(SDKROOT)/usr/lib/swift\"",
					"\"$(TOOLCHAIN_DIR)/usr/lib/swift/$(PLATFORM_NAME)\"",
					"\"$(inherited)\"",
				);
				MTL_ENABLE_DEBUG_INFO = NO;
				OTHER_CFLAGS = (
					"$(inherited)",
					"-DRCT_REMOVE_LEGACY_ARCH=1",
				);
				OTHER_CPLUSPLUSFLAGS = (
					"$(OTHER_CFLAGS)",
					"-DFOLLY_NO_CONFIG",
					"-DFOLLY_MOBILE=1",
					"-DFOLLY_USE_LIBCPP=1",
					"-DFOLLY_CFG_NO_COROUTINES=1",
					"-DFOLLY_HAVE_CLOCK_GETTIME=1",
					"-DRCT_REMOVE_LEGACY_ARCH=1",
				);
				REACT_NATIVE_PATH = "${PODS_ROOT}/../../node_modules/react-native";
				SDKROOT = iphoneos;
				SWIFT_ENABLE_EXPLICIT_MODULES = NO;
				USE_HERMES = true;
				VALIDATE_PRODUCT = YES;
			};
			name = Release;
		};
/* End XCBuildConfiguration section */

/* Begin XCConfigurationList section */
		13B07F931A680F5B00A75B9A /* Build configuration list for PBXNativeTarget "AlzheFi" */ = {
			isa = XCConfigurationList;
			buildConfigurations = (
				13B07F941A680F5B00A75B9A /* Debug */,
				13B07F951A680F5B00A75B9A /* Release */,
			);
			defaultConfigurationIsVisible = 0;
			defaultConfigurationName = Release;
		};
		83CBB9FA1A601CBA00E9B192 /* Build configuration list for PBXProject "AlzheFi" */ = {
			isa = XCConfigurationList;
			buildConfigurations = (
				83CBBA201A601CBA00E9B192 /* Debug */,
				83CBBA211A601CBA00E9B192 /* Release */,
			);
			defaultConfigurationIsVisible = 0;
			defaultConfigurationName = Release;
		};
/* End XCConfigurationList section */
	};
	rootObject = 83CBB9F71A601CBA00E9B192 /* Project object */;
}
